{
	"name": "@microlabs/otel-cf-workers",
	"version": "1.0.0-rc.2",
	"lockfileVersion": 2,
	"requires": true,
	"packages": {
		"": {
			"name": "@microlabs/otel-cf-workers",
			"version": "1.0.0-rc.2",
			"license": "BSD-3-Clause",
			"dependencies": {
				"@opentelemetry/api": "^1.4.1",
				"@opentelemetry/core": "^1.11.0",
				"@opentelemetry/exporter-trace-otlp-http": "^0.36.1",
				"@opentelemetry/otlp-exporter-base": "^0.36.1",
				"@opentelemetry/otlp-transformer": "^0.36.1",
				"@opentelemetry/resources": "^1.11.0",
				"@opentelemetry/sdk-trace-base": "^1.11.0",
				"@opentelemetry/semantic-conventions": "^1.11.0",
				"deepmerge": "^4.3.1",
				"ts-checked-fsm": "^1.1.0"
			},
			"devDependencies": {
				"@cloudflare/workers-types": "^4.20230321.0",
				"rimraf": "^4.4.1",
				"typescript": "^5.0.3"
			}
		},
		"node_modules/@cloudflare/workers-types": {
			"version": "4.20230518.0",
			"resolved": "https://registry.npmjs.org/@cloudflare/workers-types/-/workers-types-4.20230518.0.tgz",
			"integrity": "sha512-A0w1V+5SUawGaaPRlhFhSC/SCDT9oQG8TMoWOKFLA4qbqagELqEAFD4KySBIkeVOvCBLT1DZSYBMCxbXddl0kw==",
			"dev": true
		},
		"node_modules/@opentelemetry/api": {
			"version": "1.4.1",
			"resolved": "https://registry.npmjs.org/@opentelemetry/api/-/api-1.4.1.tgz",
			"integrity": "sha512-O2yRJce1GOc6PAy3QxFM4NzFiWzvScDC1/5ihYBL6BUEVdq0XMWN01sppE+H6bBXbaFYipjwFLEWLg5PaSOThA==",
			"engines": {
				"node": ">=8.0.0"
			}
		},
		"node_modules/@opentelemetry/core": {
			"version": "1.14.0",
			"resolved": "https://registry.npmjs.org/@opentelemetry/core/-/core-1.14.0.tgz",
			"integrity": "sha512-MnMZ+sxsnlzloeuXL2nm5QcNczt/iO82UOeQQDHhV83F2fP3sgntW2evvtoxJki0MBLxEsh5ADD7PR/Hn5uzjw==",
			"dependencies": {
				"@opentelemetry/semantic-conventions": "1.14.0"
			},
			"engines": {
				"node": ">=14"
			},
			"peerDependencies": {
				"@opentelemetry/api": ">=1.0.0 <1.5.0"
			}
		},
		"node_modules/@opentelemetry/exporter-trace-otlp-http": {
			"version": "0.36.1",
			"resolved": "https://registry.npmjs.org/@opentelemetry/exporter-trace-otlp-http/-/exporter-trace-otlp-http-0.36.1.tgz",
			"integrity": "sha512-q/jKlfuKiHqltDzgzgEvXkoEJ/EyVSIAZhfiaoyBeQ49UhHCPvNTH36/hSwbGSEhKeX98WxXZK4NB/S3sUs8ig==",
			"dependencies": {
				"@opentelemetry/core": "1.10.1",
				"@opentelemetry/otlp-exporter-base": "0.36.1",
				"@opentelemetry/otlp-transformer": "0.36.1",
				"@opentelemetry/resources": "1.10.1",
				"@opentelemetry/sdk-trace-base": "1.10.1"
			},
			"engines": {
				"node": ">=14"
			},
			"peerDependencies": {
				"@opentelemetry/api": "^1.0.0"
			}
		},
		"node_modules/@opentelemetry/exporter-trace-otlp-http/node_modules/@opentelemetry/core": {
			"version": "1.10.1",
			"resolved": "https://registry.npmjs.org/@opentelemetry/core/-/core-1.10.1.tgz",
			"integrity": "sha512-uBZs9poKMWX7WWHsRfaGHqvrn77D9EU5LwU8Ge3YKD/Su5Gy+T1v476l49nl1UOzEMNo4cISao3nIqQVsABB8g==",
			"dependencies": {
				"@opentelemetry/semantic-conventions": "1.10.1"
			},
			"engines": {
				"node": ">=14"
			},
			"peerDependencies": {
				"@opentelemetry/api": ">=1.0.0 <1.5.0"
			}
		},
		"node_modules/@opentelemetry/exporter-trace-otlp-http/node_modules/@opentelemetry/resources": {
			"version": "1.10.1",
			"resolved": "https://registry.npmjs.org/@opentelemetry/resources/-/resources-1.10.1.tgz",
			"integrity": "sha512-e+wwdyO44jZtsT1aqGiWMFOfN1XuP9Tv4+H0OYP3yQajBtGdsZjdSUn9UNjw46JsW0Mb+RaTxJwsb2uvfHar0g==",
			"dependencies": {
				"@opentelemetry/core": "1.10.1",
				"@opentelemetry/semantic-conventions": "1.10.1"
			},
			"engines": {
				"node": ">=14"
			},
			"peerDependencies": {
				"@opentelemetry/api": ">=1.0.0 <1.5.0"
			}
		},
		"node_modules/@opentelemetry/exporter-trace-otlp-http/node_modules/@opentelemetry/sdk-trace-base": {
			"version": "1.10.1",
			"resolved": "https://registry.npmjs.org/@opentelemetry/sdk-trace-base/-/sdk-trace-base-1.10.1.tgz",
			"integrity": "sha512-jutSP5t22wrPKReJKzI5uKht4mJ4cQdF/mGFJkN+emFFsDXru9CuFv/NfUrD0jEqoaaiqjcZtPSyTzMgu9LXvw==",
			"dependencies": {
				"@opentelemetry/core": "1.10.1",
				"@opentelemetry/resources": "1.10.1",
				"@opentelemetry/semantic-conventions": "1.10.1"
			},
			"engines": {
				"node": ">=14"
			},
			"peerDependencies": {
				"@opentelemetry/api": ">=1.0.0 <1.5.0"
			}
		},
		"node_modules/@opentelemetry/exporter-trace-otlp-http/node_modules/@opentelemetry/semantic-conventions": {
			"version": "1.10.1",
			"resolved": "https://registry.npmjs.org/@opentelemetry/semantic-conventions/-/semantic-conventions-1.10.1.tgz",
			"integrity": "sha512-qiAueuCoN+1YEuHNXnsct9bkbroZBPd7QwQgd56YURG0LBRVHwE/lF6FOprfUvp1n1tu0O6+E3s6x+dmUndXFQ==",
			"engines": {
				"node": ">=14"
			}
		},
		"node_modules/@opentelemetry/otlp-exporter-base": {
			"version": "0.36.1",
			"resolved": "https://registry.npmjs.org/@opentelemetry/otlp-exporter-base/-/otlp-exporter-base-0.36.1.tgz",
			"integrity": "sha512-fpjPwLafJIjgxY5qx7Ly74AYmRCd9spC6/jCxvEgGheg1YT4+NkfVnrfllxLRgc9wQNhDj7Y0Knp8RcmXLLVfA==",
			"dependencies": {
				"@opentelemetry/core": "1.10.1"
			},
			"engines": {
				"node": ">=14"
			},
			"peerDependencies": {
				"@opentelemetry/api": "^1.0.0"
			}
		},
		"node_modules/@opentelemetry/otlp-exporter-base/node_modules/@opentelemetry/core": {
			"version": "1.10.1",
			"resolved": "https://registry.npmjs.org/@opentelemetry/core/-/core-1.10.1.tgz",
			"integrity": "sha512-uBZs9poKMWX7WWHsRfaGHqvrn77D9EU5LwU8Ge3YKD/Su5Gy+T1v476l49nl1UOzEMNo4cISao3nIqQVsABB8g==",
			"dependencies": {
				"@opentelemetry/semantic-conventions": "1.10.1"
			},
			"engines": {
				"node": ">=14"
			},
			"peerDependencies": {
				"@opentelemetry/api": ">=1.0.0 <1.5.0"
			}
		},
		"node_modules/@opentelemetry/otlp-exporter-base/node_modules/@opentelemetry/semantic-conventions": {
			"version": "1.10.1",
			"resolved": "https://registry.npmjs.org/@opentelemetry/semantic-conventions/-/semantic-conventions-1.10.1.tgz",
			"integrity": "sha512-qiAueuCoN+1YEuHNXnsct9bkbroZBPd7QwQgd56YURG0LBRVHwE/lF6FOprfUvp1n1tu0O6+E3s6x+dmUndXFQ==",
			"engines": {
				"node": ">=14"
			}
		},
		"node_modules/@opentelemetry/otlp-transformer": {
			"version": "0.36.1",
			"resolved": "https://registry.npmjs.org/@opentelemetry/otlp-transformer/-/otlp-transformer-0.36.1.tgz",
			"integrity": "sha512-d2MomkVHBHwfsmNz6E60s/sm7gtpSjFwDzkFLm9brVq//VXzEhaEyfYSeTabdUs4BmrzhqTIogHWlcd6cOiL+w==",
			"dependencies": {
				"@opentelemetry/core": "1.10.1",
				"@opentelemetry/resources": "1.10.1",
				"@opentelemetry/sdk-metrics": "1.10.1",
				"@opentelemetry/sdk-trace-base": "1.10.1"
			},
			"engines": {
				"node": ">=14"
			},
			"peerDependencies": {
				"@opentelemetry/api": ">=1.3.0 <1.5.0"
			}
		},
		"node_modules/@opentelemetry/otlp-transformer/node_modules/@opentelemetry/core": {
			"version": "1.10.1",
			"resolved": "https://registry.npmjs.org/@opentelemetry/core/-/core-1.10.1.tgz",
			"integrity": "sha512-uBZs9poKMWX7WWHsRfaGHqvrn77D9EU5LwU8Ge3YKD/Su5Gy+T1v476l49nl1UOzEMNo4cISao3nIqQVsABB8g==",
			"dependencies": {
				"@opentelemetry/semantic-conventions": "1.10.1"
			},
			"engines": {
				"node": ">=14"
			},
			"peerDependencies": {
				"@opentelemetry/api": ">=1.0.0 <1.5.0"
			}
		},
		"node_modules/@opentelemetry/otlp-transformer/node_modules/@opentelemetry/resources": {
			"version": "1.10.1",
			"resolved": "https://registry.npmjs.org/@opentelemetry/resources/-/resources-1.10.1.tgz",
			"integrity": "sha512-e+wwdyO44jZtsT1aqGiWMFOfN1XuP9Tv4+H0OYP3yQajBtGdsZjdSUn9UNjw46JsW0Mb+RaTxJwsb2uvfHar0g==",
			"dependencies": {
				"@opentelemetry/core": "1.10.1",
				"@opentelemetry/semantic-conventions": "1.10.1"
			},
			"engines": {
				"node": ">=14"
			},
			"peerDependencies": {
				"@opentelemetry/api": ">=1.0.0 <1.5.0"
			}
		},
		"node_modules/@opentelemetry/otlp-transformer/node_modules/@opentelemetry/sdk-trace-base": {
			"version": "1.10.1",
			"resolved": "https://registry.npmjs.org/@opentelemetry/sdk-trace-base/-/sdk-trace-base-1.10.1.tgz",
			"integrity": "sha512-jutSP5t22wrPKReJKzI5uKht4mJ4cQdF/mGFJkN+emFFsDXru9CuFv/NfUrD0jEqoaaiqjcZtPSyTzMgu9LXvw==",
			"dependencies": {
				"@opentelemetry/core": "1.10.1",
				"@opentelemetry/resources": "1.10.1",
				"@opentelemetry/semantic-conventions": "1.10.1"
			},
			"engines": {
				"node": ">=14"
			},
			"peerDependencies": {
				"@opentelemetry/api": ">=1.0.0 <1.5.0"
			}
		},
		"node_modules/@opentelemetry/otlp-transformer/node_modules/@opentelemetry/semantic-conventions": {
			"version": "1.10.1",
			"resolved": "https://registry.npmjs.org/@opentelemetry/semantic-conventions/-/semantic-conventions-1.10.1.tgz",
			"integrity": "sha512-qiAueuCoN+1YEuHNXnsct9bkbroZBPd7QwQgd56YURG0LBRVHwE/lF6FOprfUvp1n1tu0O6+E3s6x+dmUndXFQ==",
			"engines": {
				"node": ">=14"
			}
		},
		"node_modules/@opentelemetry/resources": {
			"version": "1.14.0",
			"resolved": "https://registry.npmjs.org/@opentelemetry/resources/-/resources-1.14.0.tgz",
			"integrity": "sha512-qRfWIgBxxl3z47E036Aey0Lj2ZjlFb27Q7Xnj1y1z/P293RXJZGLtcfn/w8JF7v1Q2hs3SDGxz7Wb9Dko1YUQA==",
			"dependencies": {
				"@opentelemetry/core": "1.14.0",
				"@opentelemetry/semantic-conventions": "1.14.0"
			},
			"engines": {
				"node": ">=14"
			},
			"peerDependencies": {
				"@opentelemetry/api": ">=1.0.0 <1.5.0"
			}
		},
		"node_modules/@opentelemetry/sdk-metrics": {
			"version": "1.10.1",
			"resolved": "https://registry.npmjs.org/@opentelemetry/sdk-metrics/-/sdk-metrics-1.10.1.tgz",
			"integrity": "sha512-ARAD4e6lZhLwstwW+1HG2Q3XuYFA/t8vn10KK/mA4em1pZYKFn64c45RJZJcntxWp4wOZRbp9iL1RXsg7zIjow==",
			"dependencies": {
				"@opentelemetry/core": "1.10.1",
				"@opentelemetry/resources": "1.10.1",
				"lodash.merge": "4.6.2"
			},
			"engines": {
				"node": ">=14"
			},
			"peerDependencies": {
				"@opentelemetry/api": ">=1.3.0 <1.5.0"
			}
		},
		"node_modules/@opentelemetry/sdk-metrics/node_modules/@opentelemetry/core": {
			"version": "1.10.1",
			"resolved": "https://registry.npmjs.org/@opentelemetry/core/-/core-1.10.1.tgz",
			"integrity": "sha512-uBZs9poKMWX7WWHsRfaGHqvrn77D9EU5LwU8Ge3YKD/Su5Gy+T1v476l49nl1UOzEMNo4cISao3nIqQVsABB8g==",
			"dependencies": {
				"@opentelemetry/semantic-conventions": "1.10.1"
			},
			"engines": {
				"node": ">=14"
			},
			"peerDependencies": {
				"@opentelemetry/api": ">=1.0.0 <1.5.0"
			}
		},
		"node_modules/@opentelemetry/sdk-metrics/node_modules/@opentelemetry/resources": {
			"version": "1.10.1",
			"resolved": "https://registry.npmjs.org/@opentelemetry/resources/-/resources-1.10.1.tgz",
			"integrity": "sha512-e+wwdyO44jZtsT1aqGiWMFOfN1XuP9Tv4+H0OYP3yQajBtGdsZjdSUn9UNjw46JsW0Mb+RaTxJwsb2uvfHar0g==",
			"dependencies": {
				"@opentelemetry/core": "1.10.1",
				"@opentelemetry/semantic-conventions": "1.10.1"
			},
			"engines": {
				"node": ">=14"
			},
			"peerDependencies": {
				"@opentelemetry/api": ">=1.0.0 <1.5.0"
			}
		},
		"node_modules/@opentelemetry/sdk-metrics/node_modules/@opentelemetry/semantic-conventions": {
			"version": "1.10.1",
			"resolved": "https://registry.npmjs.org/@opentelemetry/semantic-conventions/-/semantic-conventions-1.10.1.tgz",
			"integrity": "sha512-qiAueuCoN+1YEuHNXnsct9bkbroZBPd7QwQgd56YURG0LBRVHwE/lF6FOprfUvp1n1tu0O6+E3s6x+dmUndXFQ==",
			"engines": {
				"node": ">=14"
			}
		},
		"node_modules/@opentelemetry/sdk-trace-base": {
			"version": "1.14.0",
			"resolved": "https://registry.npmjs.org/@opentelemetry/sdk-trace-base/-/sdk-trace-base-1.14.0.tgz",
			"integrity": "sha512-NzRGt3PS+HPKfQYMb6Iy8YYc5OKA73qDwci/6ujOIvyW9vcqBJSWbjZ8FeLEAmuatUB5WrRhEKu9b0sIiIYTrQ==",
			"dependencies": {
				"@opentelemetry/core": "1.14.0",
				"@opentelemetry/resources": "1.14.0",
				"@opentelemetry/semantic-conventions": "1.14.0"
			},
			"engines": {
				"node": ">=14"
			},
			"peerDependencies": {
				"@opentelemetry/api": ">=1.0.0 <1.5.0"
			}
		},
		"node_modules/@opentelemetry/semantic-conventions": {
			"version": "1.14.0",
			"resolved": "https://registry.npmjs.org/@opentelemetry/semantic-conventions/-/semantic-conventions-1.14.0.tgz",
			"integrity": "sha512-rJfCY8rCWz3cb4KI6pEofnytvMPuj3YLQwoscCCYZ5DkdiPjo15IQ0US7+mjcWy9H3fcZIzf2pbJZ7ck/h4tug==",
			"engines": {
				"node": ">=14"
			}
		},
		"node_modules/balanced-match": {
			"version": "1.0.2",
			"resolved": "https://registry.npmjs.org/balanced-match/-/balanced-match-1.0.2.tgz",
			"integrity": "sha512-3oSeUO0TMV67hN1AmbXsK4yaqU7tjiHlbxRDZOpH0KW9+CeX4bRAaX0Anxt0tx2MrpRpWwQaPwIlISEJhYU5Pw==",
			"dev": true
		},
		"node_modules/brace-expansion": {
			"version": "2.0.1",
			"resolved": "https://registry.npmjs.org/brace-expansion/-/brace-expansion-2.0.1.tgz",
			"integrity": "sha512-XnAIvQ8eM+kC6aULx6wuQiwVsnzsi9d3WxzV3FpWTGA19F621kwdbsAcFKXgKUHZWsy+mY6iL1sHTxWEFCytDA==",
			"dev": true,
			"dependencies": {
				"balanced-match": "^1.0.0"
			}
		},
		"node_modules/deepmerge": {
			"version": "4.3.1",
			"resolved": "https://registry.npmjs.org/deepmerge/-/deepmerge-4.3.1.tgz",
			"integrity": "sha512-3sUqbMEc77XqpdNO7FRyRog+eW3ph+GYCbj+rK+uYyRMuwsVy0rMiVtPn+QJlKFvWP/1PYpapqYn0Me2knFn+A==",
			"engines": {
				"node": ">=0.10.0"
			}
		},
		"node_modules/fs.realpath": {
			"version": "1.0.0",
			"resolved": "https://registry.npmjs.org/fs.realpath/-/fs.realpath-1.0.0.tgz",
			"integrity": "sha512-OO0pH2lK6a0hZnAdau5ItzHPI6pUlvI7jMVnxUQRtw4owF2wk8lOSabtGDCTP4Ggrg2MbGnWO9X8K1t4+fGMDw==",
			"dev": true
		},
		"node_modules/glob": {
			"version": "9.3.5",
			"resolved": "https://registry.npmjs.org/glob/-/glob-9.3.5.tgz",
			"integrity": "sha512-e1LleDykUz2Iu+MTYdkSsuWX8lvAjAcs0Xef0lNIu0S2wOAzuTxCJtcd9S3cijlwYF18EsU3rzb8jPVobxDh9Q==",
			"dev": true,
			"dependencies": {
				"fs.realpath": "^1.0.0",
				"minimatch": "^8.0.2",
				"minipass": "^4.2.4",
				"path-scurry": "^1.6.1"
			},
			"engines": {
				"node": ">=16 || 14 >=14.17"
			},
			"funding": {
				"url": "https://github.com/sponsors/isaacs"
			}
		},
		"node_modules/lodash.merge": {
			"version": "4.6.2",
			"resolved": "https://registry.npmjs.org/lodash.merge/-/lodash.merge-4.6.2.tgz",
			"integrity": "sha512-0KpjqXRVvrYyCsX1swR/XTK0va6VQkQM6MNo7PqW77ByjAhoARA8EfrP1N4+KlKj8YS0ZUCtRT/YUuhyYDujIQ=="
		},
		"node_modules/lru-cache": {
			"version": "10.0.0",
			"resolved": "https://registry.npmjs.org/lru-cache/-/lru-cache-10.0.0.tgz",
			"integrity": "sha512-svTf/fzsKHffP42sujkO/Rjs37BCIsQVRCeNYIm9WN8rgT7ffoUnRtZCqU+6BqcSBdv8gwJeTz8knJpgACeQMw==",
			"dev": true,
			"engines": {
				"node": "14 || >=16.14"
			}
		},
		"node_modules/minimatch": {
			"version": "8.0.4",
			"resolved": "https://registry.npmjs.org/minimatch/-/minimatch-8.0.4.tgz",
			"integrity": "sha512-W0Wvr9HyFXZRGIDgCicunpQ299OKXs9RgZfaukz4qAW/pJhcpUfupc9c+OObPOFueNy8VSrZgEmDtk6Kh4WzDA==",
			"dev": true,
			"dependencies": {
				"brace-expansion": "^2.0.1"
			},
			"engines": {
				"node": ">=16 || 14 >=14.17"
			},
			"funding": {
				"url": "https://github.com/sponsors/isaacs"
			}
		},
		"node_modules/minipass": {
			"version": "4.2.8",
			"resolved": "https://registry.npmjs.org/minipass/-/minipass-4.2.8.tgz",
			"integrity": "sha512-fNzuVyifolSLFL4NzpF+wEF4qrgqaaKX0haXPQEdQ7NKAN+WecoKMHV09YcuL/DHxrUsYQOK3MiuDf7Ip2OXfQ==",
			"dev": true,
			"engines": {
				"node": ">=8"
			}
		},
		"node_modules/path-scurry": {
			"version": "1.10.0",
			"resolved": "https://registry.npmjs.org/path-scurry/-/path-scurry-1.10.0.tgz",
			"integrity": "sha512-tZFEaRQbMLjwrsmidsGJ6wDMv0iazJWk6SfIKnY4Xru8auXgmJkOBa5DUbYFcFD2Rzk2+KDlIiF0GVXNCbgC7g==",
			"dev": true,
			"dependencies": {
				"lru-cache": "^9.1.1 || ^10.0.0",
				"minipass": "^5.0.0 || ^6.0.2"
			},
			"engines": {
				"node": ">=16 || 14 >=14.17"
			},
			"funding": {
				"url": "https://github.com/sponsors/isaacs"
			}
		},
		"node_modules/path-scurry/node_modules/minipass": {
			"version": "6.0.2",
			"resolved": "https://registry.npmjs.org/minipass/-/minipass-6.0.2.tgz",
			"integrity": "sha512-MzWSV5nYVT7mVyWCwn2o7JH13w2TBRmmSqSRCKzTw+lmft9X4z+3wjvs06Tzijo5z4W/kahUCDpRXTF+ZrmF/w==",
			"dev": true,
			"engines": {
				"node": ">=16 || 14 >=14.17"
			}
		},
		"node_modules/rimraf": {
			"version": "4.4.1",
			"resolved": "https://registry.npmjs.org/rimraf/-/rimraf-4.4.1.tgz",
			"integrity": "sha512-Gk8NlF062+T9CqNGn6h4tls3k6T1+/nXdOcSZVikNVtlRdYpA7wRJJMoXmuvOnLW844rPjdQ7JgXCYM6PPC/og==",
			"dev": true,
			"dependencies": {
				"glob": "^9.2.0"
			},
			"bin": {
				"rimraf": "dist/cjs/src/bin.js"
			},
			"engines": {
				"node": ">=14"
			},
			"funding": {
				"url": "https://github.com/sponsors/isaacs"
			}
		},
		"node_modules/ts-checked-fsm": {
			"version": "1.1.0",
			"resolved": "https://registry.npmjs.org/ts-checked-fsm/-/ts-checked-fsm-1.1.0.tgz",
			"integrity": "sha512-kYbLNv4/orTm6TA0mdQmDy3k9teMmhyvzwtgYo3a0/TFjwDXi/g/3LkJlQd99fqqH5NxhWYLanNrwovb/r9PWA=="
		},
		"node_modules/typescript": {
			"version": "5.1.6",
			"resolved": "https://registry.npmjs.org/typescript/-/typescript-5.1.6.tgz",
			"integrity": "sha512-zaWCozRZ6DLEWAWFrVDz1H6FVXzUSfTy5FUMWsQlU8Ym5JP9eO4xkTIROFCQvhQf61z6O/G6ugw3SgAnvvm+HA==",
			"dev": true,
			"bin": {
				"tsc": "bin/tsc",
				"tsserver": "bin/tsserver"
			},
			"engines": {
				"node": ">=14.17"
			}
		}
	},
	"dependencies": {
		"@cloudflare/workers-types": {
			"version": "4.20230518.0",
			"resolved": "https://registry.npmjs.org/@cloudflare/workers-types/-/workers-types-4.20230518.0.tgz",
			"integrity": "sha512-A0w1V+5SUawGaaPRlhFhSC/SCDT9oQG8TMoWOKFLA4qbqagELqEAFD4KySBIkeVOvCBLT1DZSYBMCxbXddl0kw==",
			"dev": true
		},
		"@opentelemetry/api": {
			"version": "1.4.1",
			"resolved": "https://registry.npmjs.org/@opentelemetry/api/-/api-1.4.1.tgz",
			"integrity": "sha512-O2yRJce1GOc6PAy3QxFM4NzFiWzvScDC1/5ihYBL6BUEVdq0XMWN01sppE+H6bBXbaFYipjwFLEWLg5PaSOThA=="
		},
		"@opentelemetry/core": {
			"version": "1.14.0",
			"resolved": "https://registry.npmjs.org/@opentelemetry/core/-/core-1.14.0.tgz",
			"integrity": "sha512-MnMZ+sxsnlzloeuXL2nm5QcNczt/iO82UOeQQDHhV83F2fP3sgntW2evvtoxJki0MBLxEsh5ADD7PR/Hn5uzjw==",
			"requires": {
				"@opentelemetry/semantic-conventions": "1.14.0"
			}
		},
		"@opentelemetry/exporter-trace-otlp-http": {
			"version": "0.36.1",
			"resolved": "https://registry.npmjs.org/@opentelemetry/exporter-trace-otlp-http/-/exporter-trace-otlp-http-0.36.1.tgz",
			"integrity": "sha512-q/jKlfuKiHqltDzgzgEvXkoEJ/EyVSIAZhfiaoyBeQ49UhHCPvNTH36/hSwbGSEhKeX98WxXZK4NB/S3sUs8ig==",
			"requires": {
				"@opentelemetry/core": "1.10.1",
				"@opentelemetry/otlp-exporter-base": "0.36.1",
				"@opentelemetry/otlp-transformer": "0.36.1",
				"@opentelemetry/resources": "1.10.1",
				"@opentelemetry/sdk-trace-base": "1.10.1"
			},
			"dependencies": {
				"@opentelemetry/core": {
					"version": "1.10.1",
					"resolved": "https://registry.npmjs.org/@opentelemetry/core/-/core-1.10.1.tgz",
					"integrity": "sha512-uBZs9poKMWX7WWHsRfaGHqvrn77D9EU5LwU8Ge3YKD/Su5Gy+T1v476l49nl1UOzEMNo4cISao3nIqQVsABB8g==",
					"requires": {
						"@opentelemetry/semantic-conventions": "1.10.1"
					}
				},
				"@opentelemetry/resources": {
					"version": "1.10.1",
					"resolved": "https://registry.npmjs.org/@opentelemetry/resources/-/resources-1.10.1.tgz",
					"integrity": "sha512-e+wwdyO44jZtsT1aqGiWMFOfN1XuP9Tv4+H0OYP3yQajBtGdsZjdSUn9UNjw46JsW0Mb+RaTxJwsb2uvfHar0g==",
					"requires": {
						"@opentelemetry/core": "1.10.1",
						"@opentelemetry/semantic-conventions": "1.10.1"
					}
				},
				"@opentelemetry/sdk-trace-base": {
					"version": "1.10.1",
					"resolved": "https://registry.npmjs.org/@opentelemetry/sdk-trace-base/-/sdk-trace-base-1.10.1.tgz",
					"integrity": "sha512-jutSP5t22wrPKReJKzI5uKht4mJ4cQdF/mGFJkN+emFFsDXru9CuFv/NfUrD0jEqoaaiqjcZtPSyTzMgu9LXvw==",
					"requires": {
						"@opentelemetry/core": "1.10.1",
						"@opentelemetry/resources": "1.10.1",
						"@opentelemetry/semantic-conventions": "1.10.1"
					}
				},
				"@opentelemetry/semantic-conventions": {
					"version": "1.10.1",
					"resolved": "https://registry.npmjs.org/@opentelemetry/semantic-conventions/-/semantic-conventions-1.10.1.tgz",
					"integrity": "sha512-qiAueuCoN+1YEuHNXnsct9bkbroZBPd7QwQgd56YURG0LBRVHwE/lF6FOprfUvp1n1tu0O6+E3s6x+dmUndXFQ=="
				}
			}
		},
		"@opentelemetry/otlp-exporter-base": {
			"version": "0.36.1",
			"resolved": "https://registry.npmjs.org/@opentelemetry/otlp-exporter-base/-/otlp-exporter-base-0.36.1.tgz",
			"integrity": "sha512-fpjPwLafJIjgxY5qx7Ly74AYmRCd9spC6/jCxvEgGheg1YT4+NkfVnrfllxLRgc9wQNhDj7Y0Knp8RcmXLLVfA==",
			"requires": {
				"@opentelemetry/core": "1.10.1"
			},
			"dependencies": {
				"@opentelemetry/core": {
					"version": "1.10.1",
					"resolved": "https://registry.npmjs.org/@opentelemetry/core/-/core-1.10.1.tgz",
					"integrity": "sha512-uBZs9poKMWX7WWHsRfaGHqvrn77D9EU5LwU8Ge3YKD/Su5Gy+T1v476l49nl1UOzEMNo4cISao3nIqQVsABB8g==",
					"requires": {
						"@opentelemetry/semantic-conventions": "1.10.1"
					}
				},
				"@opentelemetry/semantic-conventions": {
					"version": "1.10.1",
					"resolved": "https://registry.npmjs.org/@opentelemetry/semantic-conventions/-/semantic-conventions-1.10.1.tgz",
					"integrity": "sha512-qiAueuCoN+1YEuHNXnsct9bkbroZBPd7QwQgd56YURG0LBRVHwE/lF6FOprfUvp1n1tu0O6+E3s6x+dmUndXFQ=="
				}
			}
		},
		"@opentelemetry/otlp-transformer": {
			"version": "0.36.1",
			"resolved": "https://registry.npmjs.org/@opentelemetry/otlp-transformer/-/otlp-transformer-0.36.1.tgz",
			"integrity": "sha512-d2MomkVHBHwfsmNz6E60s/sm7gtpSjFwDzkFLm9brVq//VXzEhaEyfYSeTabdUs4BmrzhqTIogHWlcd6cOiL+w==",
			"requires": {
				"@opentelemetry/core": "1.10.1",
				"@opentelemetry/resources": "1.10.1",
				"@opentelemetry/sdk-metrics": "1.10.1",
				"@opentelemetry/sdk-trace-base": "1.10.1"
			},
			"dependencies": {
				"@opentelemetry/core": {
					"version": "1.10.1",
					"resolved": "https://registry.npmjs.org/@opentelemetry/core/-/core-1.10.1.tgz",
					"integrity": "sha512-uBZs9poKMWX7WWHsRfaGHqvrn77D9EU5LwU8Ge3YKD/Su5Gy+T1v476l49nl1UOzEMNo4cISao3nIqQVsABB8g==",
					"requires": {
						"@opentelemetry/semantic-conventions": "1.10.1"
					}
				},
				"@opentelemetry/resources": {
					"version": "1.10.1",
					"resolved": "https://registry.npmjs.org/@opentelemetry/resources/-/resources-1.10.1.tgz",
					"integrity": "sha512-e+wwdyO44jZtsT1aqGiWMFOfN1XuP9Tv4+H0OYP3yQajBtGdsZjdSUn9UNjw46JsW0Mb+RaTxJwsb2uvfHar0g==",
					"requires": {
						"@opentelemetry/core": "1.10.1",
						"@opentelemetry/semantic-conventions": "1.10.1"
					}
				},
				"@opentelemetry/sdk-trace-base": {
					"version": "1.10.1",
					"resolved": "https://registry.npmjs.org/@opentelemetry/sdk-trace-base/-/sdk-trace-base-1.10.1.tgz",
					"integrity": "sha512-jutSP5t22wrPKReJKzI5uKht4mJ4cQdF/mGFJkN+emFFsDXru9CuFv/NfUrD0jEqoaaiqjcZtPSyTzMgu9LXvw==",
					"requires": {
						"@opentelemetry/core": "1.10.1",
						"@opentelemetry/resources": "1.10.1",
						"@opentelemetry/semantic-conventions": "1.10.1"
					}
				},
				"@opentelemetry/semantic-conventions": {
					"version": "1.10.1",
					"resolved": "https://registry.npmjs.org/@opentelemetry/semantic-conventions/-/semantic-conventions-1.10.1.tgz",
					"integrity": "sha512-qiAueuCoN+1YEuHNXnsct9bkbroZBPd7QwQgd56YURG0LBRVHwE/lF6FOprfUvp1n1tu0O6+E3s6x+dmUndXFQ=="
				}
			}
		},
		"@opentelemetry/resources": {
			"version": "1.14.0",
			"resolved": "https://registry.npmjs.org/@opentelemetry/resources/-/resources-1.14.0.tgz",
			"integrity": "sha512-qRfWIgBxxl3z47E036Aey0Lj2ZjlFb27Q7Xnj1y1z/P293RXJZGLtcfn/w8JF7v1Q2hs3SDGxz7Wb9Dko1YUQA==",
			"requires": {
				"@opentelemetry/core": "1.14.0",
				"@opentelemetry/semantic-conventions": "1.14.0"
			}
		},
		"@opentelemetry/sdk-metrics": {
			"version": "1.10.1",
			"resolved": "https://registry.npmjs.org/@opentelemetry/sdk-metrics/-/sdk-metrics-1.10.1.tgz",
			"integrity": "sha512-ARAD4e6lZhLwstwW+1HG2Q3XuYFA/t8vn10KK/mA4em1pZYKFn64c45RJZJcntxWp4wOZRbp9iL1RXsg7zIjow==",
			"requires": {
				"@opentelemetry/core": "1.10.1",
				"@opentelemetry/resources": "1.10.1",
				"lodash.merge": "4.6.2"
			},
			"dependencies": {
				"@opentelemetry/core": {
					"version": "1.10.1",
					"resolved": "https://registry.npmjs.org/@opentelemetry/core/-/core-1.10.1.tgz",
					"integrity": "sha512-uBZs9poKMWX7WWHsRfaGHqvrn77D9EU5LwU8Ge3YKD/Su5Gy+T1v476l49nl1UOzEMNo4cISao3nIqQVsABB8g==",
					"requires": {
						"@opentelemetry/semantic-conventions": "1.10.1"
					}
				},
				"@opentelemetry/resources": {
					"version": "1.10.1",
					"resolved": "https://registry.npmjs.org/@opentelemetry/resources/-/resources-1.10.1.tgz",
					"integrity": "sha512-e+wwdyO44jZtsT1aqGiWMFOfN1XuP9Tv4+H0OYP3yQajBtGdsZjdSUn9UNjw46JsW0Mb+RaTxJwsb2uvfHar0g==",
					"requires": {
						"@opentelemetry/core": "1.10.1",
						"@opentelemetry/semantic-conventions": "1.10.1"
					}
				},
				"@opentelemetry/semantic-conventions": {
					"version": "1.10.1",
					"resolved": "https://registry.npmjs.org/@opentelemetry/semantic-conventions/-/semantic-conventions-1.10.1.tgz",
					"integrity": "sha512-qiAueuCoN+1YEuHNXnsct9bkbroZBPd7QwQgd56YURG0LBRVHwE/lF6FOprfUvp1n1tu0O6+E3s6x+dmUndXFQ=="
				}
			}
		},
		"@opentelemetry/sdk-trace-base": {
			"version": "1.14.0",
			"resolved": "https://registry.npmjs.org/@opentelemetry/sdk-trace-base/-/sdk-trace-base-1.14.0.tgz",
			"integrity": "sha512-NzRGt3PS+HPKfQYMb6Iy8YYc5OKA73qDwci/6ujOIvyW9vcqBJSWbjZ8FeLEAmuatUB5WrRhEKu9b0sIiIYTrQ==",
			"requires": {
				"@opentelemetry/core": "1.14.0",
				"@opentelemetry/resources": "1.14.0",
				"@opentelemetry/semantic-conventions": "1.14.0"
			}
		},
		"@opentelemetry/semantic-conventions": {
			"version": "1.14.0",
			"resolved": "https://registry.npmjs.org/@opentelemetry/semantic-conventions/-/semantic-conventions-1.14.0.tgz",
			"integrity": "sha512-rJfCY8rCWz3cb4KI6pEofnytvMPuj3YLQwoscCCYZ5DkdiPjo15IQ0US7+mjcWy9H3fcZIzf2pbJZ7ck/h4tug=="
		},
		"balanced-match": {
			"version": "1.0.2",
			"resolved": "https://registry.npmjs.org/balanced-match/-/balanced-match-1.0.2.tgz",
			"integrity": "sha512-3oSeUO0TMV67hN1AmbXsK4yaqU7tjiHlbxRDZOpH0KW9+CeX4bRAaX0Anxt0tx2MrpRpWwQaPwIlISEJhYU5Pw==",
			"dev": true
		},
		"brace-expansion": {
			"version": "2.0.1",
			"resolved": "https://registry.npmjs.org/brace-expansion/-/brace-expansion-2.0.1.tgz",
			"integrity": "sha512-XnAIvQ8eM+kC6aULx6wuQiwVsnzsi9d3WxzV3FpWTGA19F621kwdbsAcFKXgKUHZWsy+mY6iL1sHTxWEFCytDA==",
			"dev": true,
			"requires": {
				"balanced-match": "^1.0.0"
			}
		},
		"deepmerge": {
			"version": "4.3.1",
			"resolved": "https://registry.npmjs.org/deepmerge/-/deepmerge-4.3.1.tgz",
			"integrity": "sha512-3sUqbMEc77XqpdNO7FRyRog+eW3ph+GYCbj+rK+uYyRMuwsVy0rMiVtPn+QJlKFvWP/1PYpapqYn0Me2knFn+A=="
		},
		"fs.realpath": {
			"version": "1.0.0",
			"resolved": "https://registry.npmjs.org/fs.realpath/-/fs.realpath-1.0.0.tgz",
			"integrity": "sha512-OO0pH2lK6a0hZnAdau5ItzHPI6pUlvI7jMVnxUQRtw4owF2wk8lOSabtGDCTP4Ggrg2MbGnWO9X8K1t4+fGMDw==",
			"dev": true
		},
		"glob": {
			"version": "9.3.5",
			"resolved": "https://registry.npmjs.org/glob/-/glob-9.3.5.tgz",
			"integrity": "sha512-e1LleDykUz2Iu+MTYdkSsuWX8lvAjAcs0Xef0lNIu0S2wOAzuTxCJtcd9S3cijlwYF18EsU3rzb8jPVobxDh9Q==",
			"dev": true,
			"requires": {
				"fs.realpath": "^1.0.0",
				"minimatch": "^8.0.2",
				"minipass": "^4.2.4",
				"path-scurry": "^1.6.1"
			}
		},
		"lodash.merge": {
			"version": "4.6.2",
			"resolved": "https://registry.npmjs.org/lodash.merge/-/lodash.merge-4.6.2.tgz",
			"integrity": "sha512-0KpjqXRVvrYyCsX1swR/XTK0va6VQkQM6MNo7PqW77ByjAhoARA8EfrP1N4+KlKj8YS0ZUCtRT/YUuhyYDujIQ=="
		},
		"lru-cache": {
			"version": "10.0.0",
			"resolved": "https://registry.npmjs.org/lru-cache/-/lru-cache-10.0.0.tgz",
			"integrity": "sha512-svTf/fzsKHffP42sujkO/Rjs37BCIsQVRCeNYIm9WN8rgT7ffoUnRtZCqU+6BqcSBdv8gwJeTz8knJpgACeQMw==",
			"dev": true
		},
		"minimatch": {
			"version": "8.0.4",
			"resolved": "https://registry.npmjs.org/minimatch/-/minimatch-8.0.4.tgz",
			"integrity": "sha512-W0Wvr9HyFXZRGIDgCicunpQ299OKXs9RgZfaukz4qAW/pJhcpUfupc9c+OObPOFueNy8VSrZgEmDtk6Kh4WzDA==",
			"dev": true,
			"requires": {
				"brace-expansion": "^2.0.1"
			}
		},
		"minipass": {
			"version": "4.2.8",
			"resolved": "https://registry.npmjs.org/minipass/-/minipass-4.2.8.tgz",
			"integrity": "sha512-fNzuVyifolSLFL4NzpF+wEF4qrgqaaKX0haXPQEdQ7NKAN+WecoKMHV09YcuL/DHxrUsYQOK3MiuDf7Ip2OXfQ==",
			"dev": true
		},
		"path-scurry": {
			"version": "1.10.0",
			"resolved": "https://registry.npmjs.org/path-scurry/-/path-scurry-1.10.0.tgz",
			"integrity": "sha512-tZFEaRQbMLjwrsmidsGJ6wDMv0iazJWk6SfIKnY4Xru8auXgmJkOBa5DUbYFcFD2Rzk2+KDlIiF0GVXNCbgC7g==",
			"dev": true,
			"requires": {
				"lru-cache": "^9.1.1 || ^10.0.0",
				"minipass": "^5.0.0 || ^6.0.2"
			},
			"dependencies": {
				"minipass": {
					"version": "6.0.2",
					"resolved": "https://registry.npmjs.org/minipass/-/minipass-6.0.2.tgz",
					"integrity": "sha512-MzWSV5nYVT7mVyWCwn2o7JH13w2TBRmmSqSRCKzTw+lmft9X4z+3wjvs06Tzijo5z4W/kahUCDpRXTF+ZrmF/w==",
					"dev": true
				}
			}
		},
		"rimraf": {
			"version": "4.4.1",
			"resolved": "https://registry.npmjs.org/rimraf/-/rimraf-4.4.1.tgz",
			"integrity": "sha512-Gk8NlF062+T9CqNGn6h4tls3k6T1+/nXdOcSZVikNVtlRdYpA7wRJJMoXmuvOnLW844rPjdQ7JgXCYM6PPC/og==",
			"dev": true,
			"requires": {
				"glob": "^9.2.0"
			}
		},
		"ts-checked-fsm": {
			"version": "1.1.0",
			"resolved": "https://registry.npmjs.org/ts-checked-fsm/-/ts-checked-fsm-1.1.0.tgz",
			"integrity": "sha512-kYbLNv4/orTm6TA0mdQmDy3k9teMmhyvzwtgYo3a0/TFjwDXi/g/3LkJlQd99fqqH5NxhWYLanNrwovb/r9PWA=="
		},
		"typescript": {
			"version": "5.1.6",
			"resolved": "https://registry.npmjs.org/typescript/-/typescript-5.1.6.tgz",
			"integrity": "sha512-zaWCozRZ6DLEWAWFrVDz1H6FVXzUSfTy5FUMWsQlU8Ym5JP9eO4xkTIROFCQvhQf61z6O/G6ugw3SgAnvvm+HA==",
			"dev": true
		}
	}
}
